
Microsoft Visual Studio Solution File, Format Version 12.00
# Visual Studio Version 16
VisualStudioVersion = 16.0.30517.126
MinimumVisualStudioVersion = 10.0.40219.1
Project("{FAE04EC0-301F-11D3-BF4B-00C04F79EFBC}") = "DemoAppBridgingoApi", "DemoAppBridgingoApi\DemoAppBridgingoApi.csproj", "{AAE1058A-5C6C-47C3-93BA-C50F6B387470}"
EndProject
Global
	GlobalSection(SolutionConfigurationPlatforms) = preSolution
		Debug|Any CPU = Debug|Any CPU
		Release|Any CPU = Release|Any CPU
	EndGlobalSection
	GlobalSection(ProjectConfigurationPlatforms) = postSolution
		{AAE1058A-5C6C-47C3-93BA-C50F6B387470}.Debug|Any CPU.ActiveCfg = Debug|Any CPU
		{AAE1058A-5C6C-47C3-93BA-C50F6B387470}.Debug|Any CPU.Build.0 = Debug|Any CPU
		{AAE1058A-5C6C-47C3-93BA-C50F6B387470}.Release|Any CPU.ActiveCfg = Release|Any CPU
		{AAE1058A-5C6C-47C3-93BA-C50F6B387470}.Release|Any CPU.Build.0 = Release|Any CPU
	EndGlobalSection
	GlobalSection(SolutionProperties) = preSolution
		HideSolutionNode = FALSE
	EndGlobalSection
	GlobalSection(ExtensibilityGlobals) = postSolution
		SolutionGuid = {581331F0-38DA-4D64-8F74-51A5E48B749E}
	EndGlobalSection
EndGlobal
